
Microsoft Visual Studio Solution File, Format Version 12.00
# Visual Studio Version 17
VisualStudioVersion = 17.8.34525.116
MinimumVisualStudioVersion = 10.0.40219.1
Project("{9A19103F-16F7-4668-BE54-9A1E7A4F7556}") = "HttpDotNet", "HttpDotNet.csproj", "{A97D0876-3A36-4D51-A1BF-2754A54C3BEE}"
EndProject
Global
	GlobalSection(SolutionConfigurationPlatforms) = preSolution
		Debug|Any CPU = Debug|Any CPU
		Release|Any CPU = Release|Any CPU
	EndGlobalSection
	GlobalSection(ProjectConfigurationPlatforms) = postSolution
		{A97D0876-3A36-4D51-A1BF-2754A54C3BEE}.Debug|Any CPU.ActiveCfg = Debug|Any CPU
		{A97D0876-3A36-4D51-A1BF-2754A54C3BEE}.Debug|Any CPU.Build.0 = Debug|Any CPU
		{A97D0876-3A36-4D51-A1BF-2754A54C3BEE}.Release|Any CPU.ActiveCfg = Release|Any CPU
		{A97D0876-3A36-4D51-A1BF-2754A54C3BEE}.Release|Any CPU.Build.0 = Release|Any CPU
	EndGlobalSection
	GlobalSection(SolutionProperties) = preSolution
		HideSolutionNode = FALSE
	EndGlobalSection
	GlobalSection(ExtensibilityGlobals) = postSolution
		SolutionGuid = {F2B4E81C-BFBC-47A7-B3F0-45AEC30B1F33}
	EndGlobalSection
EndGlobal
